// !$*UTF8*$!
{
	archiveVersion = 1;
	classes = {
	};
	objectVersion = 46;
	objects = {

/* Begin PBXBuildFile section */
		BE5163361C8A5E1A007D4E42 /* MainTabBarController.swift in Sources */ = {isa = PBXBuildFile; fileRef = BE5163351C8A5E1A007D4E42 /* MainTabBarController.swift */; };
		BE5163381C8A5E6E007D4E42 /* SearchModel.swift in Sources */ = {isa = PBXBuildFile; fileRef = BE5163371C8A5E6E007D4E42 /* SearchModel.swift */; };
		BEA7A0A91C8558EF005387F6 /* AppDelegate.swift in Sources */ = {isa = PBXBuildFile; fileRef = BEA7A0A81C8558EF005387F6 /* AppDelegate.swift */; };
		BEA7A0AB1C8558EF005387F6 /* ViewController.swift in Sources */ = {isa = PBXBuildFile; fileRef = BEA7A0AA1C8558EF005387F6 /* ViewController.swift */; };
		BEA7A0AE1C8558EF005387F6 /* Main.storyboard in Resources */ = {isa = PBXBuildFile; fileRef = BEA7A0AC1C8558EF005387F6 /* Main.storyboard */; };
		BEA7A0B01C8558EF005387F6 /* Assets.xcassets in Resources */ = {isa = PBXBuildFile; fileRef = BEA7A0AF1C8558EF005387F6 /* Assets.xcassets */; };
		BEA7A0B31C8558EF005387F6 /* LaunchScreen.storyboard in Resources */ = {isa = PBXBuildFile; fileRef = BEA7A0B11C8558EF005387F6 /* LaunchScreen.storyboard */; };
		BEA7A0BB1C855E87005387F6 /* SettingsTableViewController.swift in Sources */ = {isa = PBXBuildFile; fileRef = BEA7A0BA1C855E87005387F6 /* SettingsTableViewController.swift */; };
		BEA7A0BD1C855EB9005387F6 /* LocationCocoapodViewController.swift in Sources */ = {isa = PBXBuildFile; fileRef = BEA7A0BC1C855EB9005387F6 /* LocationCocoapodViewController.swift */; };
		BEA7A0BF1C855F13005387F6 /* WebViewController.swift in Sources */ = {isa = PBXBuildFile; fileRef = BEA7A0BE1C855F13005387F6 /* WebViewController.swift */; };
		C59A7B2B1C87DE2A00672894 /* SettingsTableViewCell.swift in Sources */ = {isa = PBXBuildFile; fileRef = C59A7B2A1C87DE2A00672894 /* SettingsTableViewCell.swift */; };
		C59A7B2D1C87E19F00672894 /* mainViewController.swift in Sources */ = {isa = PBXBuildFile; fileRef = C59A7B2C1C87E19F00672894 /* mainViewController.swift */; };
		EDC09EBC1C2E9D2E4EF16FD3 /* Pods.framework in Frameworks */ = {isa = PBXBuildFile; fileRef = 85CBADA78800CDC494C9B6CA /* Pods.framework */; };
/* End PBXBuildFile section */

/* Begin PBXFileReference section */
		3B28AFE8253FD8668AE5677F /* Pods.debug.xcconfig */ = {isa = PBXFileReference; includeInIndex = 1; lastKnownFileType = text.xcconfig; name = Pods.debug.xcconfig; path = "Pods/Target Support Files/Pods/Pods.debug.xcconfig"; sourceTree = "<group>"; };
		470CE553FF2151E827125372 /* Pods.release.xcconfig */ = {isa = PBXFileReference; includeInIndex = 1; lastKnownFileType = text.xcconfig; name = Pods.release.xcconfig; path = "Pods/Target Support Files/Pods/Pods.release.xcconfig"; sourceTree = "<group>"; };
		85CBADA78800CDC494C9B6CA /* Pods.framework */ = {isa = PBXFileReference; explicitFileType = wrapper.framework; includeInIndex = 0; path = Pods.framework; sourceTree = BUILT_PRODUCTS_DIR; };
		BE5163351C8A5E1A007D4E42 /* MainTabBarController.swift */ = {isa = PBXFileReference; fileEncoding = 4; lastKnownFileType = sourcecode.swift; path = MainTabBarController.swift; sourceTree = "<group>"; };
		BE5163371C8A5E6E007D4E42 /* SearchModel.swift */ = {isa = PBXFileReference; fileEncoding = 4; lastKnownFileType = sourcecode.swift; path = SearchModel.swift; sourceTree = "<group>"; };
		BEA7A0A51C8558EE005387F6 /* miniProj3.app */ = {isa = PBXFileReference; explicitFileType = wrapper.application; includeInIndex = 0; path = miniProj3.app; sourceTree = BUILT_PRODUCTS_DIR; };
		BEA7A0A81C8558EF005387F6 /* AppDelegate.swift */ = {isa = PBXFileReference; lastKnownFileType = sourcecode.swift; path = AppDelegate.swift; sourceTree = "<group>"; };
		BEA7A0AA1C8558EF005387F6 /* ViewController.swift */ = {isa = PBXFileReference; lastKnownFileType = sourcecode.swift; path = ViewController.swift; sourceTree = "<group>"; };
		BEA7A0AD1C8558EF005387F6 /* Base */ = {isa = PBXFileReference; lastKnownFileType = file.storyboard; name = Base; path = Base.lproj/Main.storyboard; sourceTree = "<group>"; };
		BEA7A0AF1C8558EF005387F6 /* Assets.xcassets */ = {isa = PBXFileReference; lastKnownFileType = folder.assetcatalog; path = Assets.xcassets; sourceTree = "<group>"; };
		BEA7A0B21C8558EF005387F6 /* Base */ = {isa = PBXFileReference; lastKnownFileType = file.storyboard; name = Base; path = Base.lproj/LaunchScreen.storyboard; sourceTree = "<group>"; };
		BEA7A0B41C8558EF005387F6 /* Info.plist */ = {isa = PBXFileReference; lastKnownFileType = text.plist.xml; path = Info.plist; sourceTree = "<group>"; };
		BEA7A0BA1C855E87005387F6 /* SettingsTableViewController.swift */ = {isa = PBXFileReference; fileEncoding = 4; lastKnownFileType = sourcecode.swift; path = SettingsTableViewController.swift; sourceTree = "<group>"; };
		BEA7A0BC1C855EB9005387F6 /* LocationCocoapodViewController.swift */ = {isa = PBXFileReference; fileEncoding = 4; lastKnownFileType = sourcecode.swift; path = LocationCocoapodViewController.swift; sourceTree = "<group>"; };
		BEA7A0BE1C855F13005387F6 /* WebViewController.swift */ = {isa = PBXFileReference; fileEncoding = 4; lastKnownFileType = sourcecode.swift; path = WebViewController.swift; sourceTree = "<group>"; };
		C59A7B2A1C87DE2A00672894 /* SettingsTableViewCell.swift */ = {isa = PBXFileReference; fileEncoding = 4; lastKnownFileType = sourcecode.swift; path = SettingsTableViewCell.swift; sourceTree = "<group>"; };
		C59A7B2C1C87E19F00672894 /* mainViewController.swift */ = {isa = PBXFileReference; fileEncoding = 4; lastKnownFileType = sourcecode.swift; path = mainViewController.swift; sourceTree = "<group>"; };
/* End PBXFileReference section */

/* Begin PBXFrameworksBuildPhase section */
		BEA7A0A21C8558EE005387F6 /* Frameworks */ = {
			isa = PBXFrameworksBuildPhase;
			buildActionMask = 2147483647;
			files = (
				EDC09EBC1C2E9D2E4EF16FD3 /* Pods.framework in Frameworks */,
			);
			runOnlyForDeploymentPostprocessing = 0;
		};
/* End PBXFrameworksBuildPhase section */

/* Begin PBXGroup section */
		3B7BB8D749A6481B80D1D920 /* Pods */ = {
			isa = PBXGroup;
			children = (
				3B28AFE8253FD8668AE5677F /* Pods.debug.xcconfig */,
				470CE553FF2151E827125372 /* Pods.release.xcconfig */,
			);
			name = Pods;
			sourceTree = "<group>";
		};
		BEA7A09C1C8558EE005387F6 = {
			isa = PBXGroup;
			children = (
				BEA7A0A71C8558EF005387F6 /* miniProj3 */,
				BEA7A0A61C8558EF005387F6 /* Products */,
				3B7BB8D749A6481B80D1D920 /* Pods */,
				DF436888280C3DD29BC26033 /* Frameworks */,
			);
			sourceTree = "<group>";
		};
		BEA7A0A61C8558EF005387F6 /* Products */ = {
			isa = PBXGroup;
			children = (
				BEA7A0A51C8558EE005387F6 /* miniProj3.app */,
			);
			name = Products;
			sourceTree = "<group>";
		};
		BEA7A0A71C8558EF005387F6 /* miniProj3 */ = {
			isa = PBXGroup;
			children = (
				BEA7A0A81C8558EF005387F6 /* AppDelegate.swift */,
				BEA7A0AA1C8558EF005387F6 /* ViewController.swift */,
				BEA7A0AC1C8558EF005387F6 /* Main.storyboard */,
				BE5163371C8A5E6E007D4E42 /* SearchModel.swift */,
				BE5163351C8A5E1A007D4E42 /* MainTabBarController.swift */,
				C59A7B2C1C87E19F00672894 /* mainViewController.swift */,
				BEA7A0BC1C855EB9005387F6 /* LocationCocoapodViewController.swift */,
				BEA7A0BE1C855F13005387F6 /* WebViewController.swift */,
				BEA7A0BA1C855E87005387F6 /* SettingsTableViewController.swift */,
				C59A7B2A1C87DE2A00672894 /* SettingsTableViewCell.swift */,
				BEA7A0AF1C8558EF005387F6 /* Assets.xcassets */,
				BEA7A0B11C8558EF005387F6 /* LaunchScreen.storyboard */,
				BEA7A0B41C8558EF005387F6 /* Info.plist */,
			);
			path = miniProj3;
			sourceTree = "<group>";
		};
		DF436888280C3DD29BC26033 /* Frameworks */ = {
			isa = PBXGroup;
			children = (
				85CBADA78800CDC494C9B6CA /* Pods.framework */,
			);
			name = Frameworks;
			sourceTree = "<group>";
		};
/* End PBXGroup section */

/* Begin PBXNativeTarget section */
		BEA7A0A41C8558EE005387F6 /* miniProj3 */ = {
			isa = PBXNativeTarget;
			buildConfigurationList = BEA7A0B71C8558EF005387F6 /* Build configuration list for PBXNativeTarget "miniProj3" */;
			buildPhases = (
				D9389B09DB061D5E5F02F7FC /* Check Pods Manifest.lock */,
				BEA7A0A11C8558EE005387F6 /* Sources */,
				BEA7A0A21C8558EE005387F6 /* Frameworks */,
				BEA7A0A31C8558EE005387F6 /* Resources */,
				13889F0DF469D44FC88F2975 /* Embed Pods Frameworks */,
				3FE423A145A30D2EC0816405 /* Copy Pods Resources */,
			);
			buildRules = (
			);
			dependencies = (
			);
			name = miniProj3;
			productName = miniProj3;
			productReference = BEA7A0A51C8558EE005387F6 /* miniProj3.app */;
			productType = "com.apple.product-type.application";
		};
/* End PBXNativeTarget section */

/* Begin PBXProject section */
		BEA7A09D1C8558EE005387F6 /* Project object */ = {
			isa = PBXProject;
			attributes = {
				LastSwiftUpdateCheck = 0720;
				LastUpgradeCheck = 0720;
				ORGANIZATIONNAME = "Christine Munar";
				TargetAttributes = {
					BEA7A0A41C8558EE005387F6 = {
						CreatedOnToolsVersion = 7.2.1;
						DevelopmentTeam = WAS7569CL5;
					};
				};
			};
			buildConfigurationList = BEA7A0A01C8558EE005387F6 /* Build configuration list for PBXProject "miniProj3" */;
			compatibilityVersion = "Xcode 3.2";
			developmentRegion = English;
			hasScannedForEncodings = 0;
			knownRegions = (
				en,
				Base,
			);
			mainGroup = BEA7A09C1C8558EE005387F6;
			productRefGroup = BEA7A0A61C8558EF005387F6 /* Products */;
			projectDirPath = "";
			projectRoot = "";
			targets = (
				BEA7A0A41C8558EE005387F6 /* miniProj3 */,
			);
		};
/* End PBXProject section */

/* Begin PBXResourcesBuildPhase section */
		BEA7A0A31C8558EE005387F6 /* Resources */ = {
			isa = PBXResourcesBuildPhase;
			buildActionMask = 2147483647;
			files = (
				BEA7A0B31C8558EF005387F6 /* LaunchScreen.storyboard in Resources */,
				BEA7A0B01C8558EF005387F6 /* Assets.xcassets in Resources */,
				BEA7A0AE1C8558EF005387F6 /* Main.storyboard in Resources */,
			);
			runOnlyForDeploymentPostprocessing = 0;
		};
/* End PBXResourcesBuildPhase section */

/* Begin PBXShellScriptBuildPhase section */
		13889F0DF469D44FC88F2975 /* Embed Pods Frameworks */ = {
			isa = PBXShellScriptBuildPhase;
			buildActionMask = 2147483647;
			files = (
			);
			inputPaths = (
			);
			name = "Embed Pods Frameworks";
			outputPaths = (
			);
			runOnlyForDeploymentPostprocessing = 0;
			shellPath = /bin/sh;
			shellScript = "\"${SRCROOT}/Pods/Target Support Files/Pods/Pods-frameworks.sh\"\n";
			showEnvVarsInLog = 0;
		};
		3FE423A145A30D2EC0816405 /* Copy Pods Resources */ = {
			isa = PBXShellScriptBuildPhase;
			buildActionMask = 2147483647;
			files = (
			);
			inputPaths = (
			);
			name = "Copy Pods Resources";
			outputPaths = (
			);
			runOnlyForDeploymentPostprocessing = 0;
			shellPath = /bin/sh;
			shellScript = "\"${SRCROOT}/Pods/Target Support Files/Pods/Pods-resources.sh\"\n";
			showEnvVarsInLog = 0;
		};
		D9389B09DB061D5E5F02F7FC /* Check Pods Manifest.lock */ = {
			isa = PBXShellScriptBuildPhase;
			buildActionMask = 2147483647;
			files = (
			);
			inputPaths = (
			);
			name = "Check Pods Manifest.lock";
			outputPaths = (
			);
			runOnlyForDeploymentPostprocessing = 0;
			shellPath = /bin/sh;
			shellScript = "diff \"${PODS_ROOT}/../Podfile.lock\" \"${PODS_ROOT}/Manifest.lock\" > /dev/null\nif [[ $? != 0 ]] ; then\n    cat << EOM\nerror: The sandbox is not in sync with the Podfile.lock. Run 'pod install' or update your CocoaPods installation.\nEOM\n    exit 1\nfi\n";
			showEnvVarsInLog = 0;
		};
/* End PBXShellScriptBuildPhase section */

/* Begin PBXSourcesBuildPhase section */
		BEA7A0A11C8558EE005387F6 /* Sources */ = {
			isa = PBXSourcesBuildPhase;
			buildActionMask = 2147483647;
			files = (
				BEA7A0AB1C8558EF005387F6 /* ViewController.swift in Sources */,
				BEA7A0A91C8558EF005387F6 /* AppDelegate.swift in Sources */,
				BE5163361C8A5E1A007D4E42 /* MainTabBarController.swift in Sources */,
				BE5163381C8A5E6E007D4E42 /* SearchModel.swift in Sources */,
				C59A7B2D1C87E19F00672894 /* mainViewController.swift in Sources */,
				C59A7B2B1C87DE2A00672894 /* SettingsTableViewCell.swift in Sources */,
				BEA7A0BB1C855E87005387F6 /* SettingsTableViewController.swift in Sources */,
				BEA7A0BF1C855F13005387F6 /* WebViewController.swift in Sources */,
				BEA7A0BD1C855EB9005387F6 /* LocationCocoapodViewController.swift in Sources */,
			);
			runOnlyForDeploymentPostprocessing = 0;
		};
/* End PBXSourcesBuildPhase section */

/* Begin PBXVariantGroup section */
		BEA7A0AC1C8558EF005387F6 /* Main.storyboard */ = {
			isa = PBXVariantGroup;
			children = (
				BEA7A0AD1C8558EF005387F6 /* Base */,
			);
			name = Main.storyboard;
			sourceTree = "<group>";
		};
		BEA7A0B11C8558EF005387F6 /* LaunchScreen.storyboard */ = {
			isa = PBXVariantGroup;
			children = (
				BEA7A0B21C8558EF005387F6 /* Base */,
			);
			name = LaunchScreen.storyboard;
			sourceTree = "<group>";
		};
/* End PBXVariantGroup section */

/* Begin XCBuildConfiguration section */
		BEA7A0B51C8558EF005387F6 /* Debug */ = {
			isa = XCBuildConfiguration;
			buildSettings = {
				ALWAYS_SEARCH_USER_PATHS = NO;
				CLANG_CXX_LANGUAGE_STANDARD = "gnu++0x";
				CLANG_CXX_LIBRARY = "libc++";
				CLANG_ENABLE_MODULES = YES;
				CLANG_ENABLE_OBJC_ARC = YES;
				CLANG_WARN_BOOL_CONVERSION = YES;
				CLANG_WARN_CONSTANT_CONVERSION = YES;
				CLANG_WARN_DIRECT_OBJC_ISA_USAGE = YES_ERROR;
				CLANG_WARN_EMPTY_BODY = YES;
				CLANG_WARN_ENUM_CONVERSION = YES;
				CLANG_WARN_INT_CONVERSION = YES;
				CLANG_WARN_OBJC_ROOT_CLASS = YES_ERROR;
				CLANG_WARN_UNREACHABLE_CODE = YES;
				CLANG_WARN__DUPLICATE_METHOD_MATCH = YES;
				"CODE_SIGN_IDENTITY[sdk=iphoneos*]" = "iPhone Developer";
				COPY_PHASE_STRIP = NO;
				DEBUG_INFORMATION_FORMAT = dwarf;
				ENABLE_STRICT_OBJC_MSGSEND = YES;
				ENABLE_TESTABILITY = YES;
				GCC_C_LANGUAGE_STANDARD = gnu99;
				GCC_DYNAMIC_NO_PIC = NO;
				GCC_NO_COMMON_BLOCKS = YES;
				GCC_OPTIMIZATION_LEVEL = 0;
				GCC_PREPROCESSOR_DEFINITIONS = (
					"DEBUG=1",
					"$(inherited)",
				);
				GCC_WARN_64_TO_32_BIT_CONVERSION = YES;
				GCC_WARN_ABOUT_RETURN_TYPE = YES_ERROR;
				GCC_WARN_UNDECLARED_SELECTOR = YES;
				GCC_WARN_UNINITIALIZED_AUTOS = YES_AGGRESSIVE;
				GCC_WARN_UNUSED_FUNCTION = YES;
				GCC_WARN_UNUSED_VARIABLE = YES;
				IPHONEOS_DEPLOYMENT_TARGET = 9.2;
				MTL_ENABLE_DEBUG_INFO = YES;
				ONLY_ACTIVE_ARCH = YES;
				SDKROOT = iphoneos;
				SWIFT_OPTIMIZATION_LEVEL = "-Onone";
			};
			name = Debug;
		};
		BEA7A0B61C8558EF005387F6 /* Release */ = {
			isa = XCBuildConfiguration;
			buildSettings = {
				ALWAYS_SEARCH_USER_PATHS = NO;
				CLANG_CXX_LANGUAGE_STANDARD = "gnu++0x";
				CLANG_CXX_LIBRARY = "libc++";
				CLANG_ENABLE_MODULES = YES;
				CLANG_ENABLE_OBJC_ARC = YES;
				CLANG_WARN_BOOL_CONVERSION = YES;
				CLANG_WARN_CONSTANT_CONVERSION = YES;
				CLANG_WARN_DIRECT_OBJC_ISA_USAGE = YES_ERROR;
				CLANG_WARN_EMPTY_BODY = YES;
				CLANG_WARN_ENUM_CONVERSION = YES;
				CLANG_WARN_INT_CONVERSION = YES;
				CLANG_WARN_OBJC_ROOT_CLASS = YES_ERROR;
				CLANG_WARN_UNREACHABLE_CODE = YES;
				CLANG_WARN__DUPLICATE_METHOD_MATCH = YES;
				"CODE_SIGN_IDENTITY[sdk=iphoneos*]" = "iPhone Developer";
				COPY_PHASE_STRIP = NO;
				DEBUG_INFORMATION_FORMAT = "dwarf-with-dsym";
				ENABLE_NS_ASSERTIONS = NO;
				ENABLE_STRICT_OBJC_MSGSEND = YES;
				GCC_C_LANGUAGE_STANDARD = gnu99;
				GCC_NO_COMMON_BLOCKS = YES;
				GCC_WARN_64_TO_32_BIT_CONVERSION = YES;
				GCC_WARN_ABOUT_RETURN_TYPE = YES_ERROR;
				GCC_WARN_UNDECLARED_SELECTOR = YES;
				GCC_WARN_UNINITIALIZED_AUTOS = YES_AGGRESSIVE;
				GCC_WARN_UNUSED_FUNCTION = YES;
				GCC_WARN_UNUSED_VARIABLE = YES;
				IPHONEOS_DEPLOYMENT_TARGET = 9.2;
				MTL_ENABLE_DEBUG_INFO = NO;
				SDKROOT = iphoneos;
				VALIDATE_PRODUCT = YES;
			};
			name = Release;
		};
		BEA7A0B81C8558EF005387F6 /* Debug */ = {
			isa = XCBuildConfiguration;
			baseConfigurationReference = 3B28AFE8253FD8668AE5677F /* Pods.debug.xcconfig */;
			buildSettings = {
				ASSETCATALOG_COMPILER_APPICON_NAME = AppIcon;
				INFOPLIST_FILE = miniProj3/Info.plist;
				LD_RUNPATH_SEARCH_PATHS = "$(inherited) @executable_path/Frameworks";
				PRODUCT_BUNDLE_IDENTIFIER = com.christinemunar.miniProj3;
				PRODUCT_NAME = "$(TARGET_NAME)";
			};
			name = Debug;
		};
		BEA7A0B91C8558EF005387F6 /* Release */ = {
			isa = XCBuildConfiguration;
			baseConfigurationReference = 470CE553FF2151E827125372 /* Pods.release.xcconfig */;
			buildSettings = {
				ASSETCATALOG_COMPILER_APPICON_NAME = AppIcon;
				INFOPLIST_FILE = miniProj3/Info.plist;
				LD_RUNPATH_SEARCH_PATHS = "$(inherited) @executable_path/Frameworks";
				PRODUCT_BUNDLE_IDENTIFIER = com.christinemunar.miniProj3;
				PRODUCT_NAME = "$(TARGET_NAME)";
			};
			name = Release;
		};
/* End XCBuildConfiguration section */

/* Begin XCConfigurationList section */
		BEA7A0A01C8558EE005387F6 /* Build configuration list for PBXProject "miniProj3" */ = {
			isa = XCConfigurationList;
			buildConfigurations = (
				BEA7A0B51C8558EF005387F6 /* Debug */,
				BEA7A0B61C8558EF005387F6 /* Release */,
			);
			defaultConfigurationIsVisible = 0;
			defaultConfigurationName = Release;
		};
		BEA7A0B71C8558EF005387F6 /* Build configuration list for PBXNativeTarget "miniProj3" */ = {
			isa = XCConfigurationList;
			buildConfigurations = (
				BEA7A0B81C8558EF005387F6 /* Debug */,
				BEA7A0B91C8558EF005387F6 /* Release */,
			);
			defaultConfigurationIsVisible = 0;
			defaultConfigurationName = Release;
		};
/* End XCConfigurationList section */
	};
	rootObject = BEA7A09D1C8558EE005387F6 /* Project object */;
}
